
Microsoft Visual Studio Solution File, Format Version 12.00
# Visual Studio Version 17
VisualStudioVersion = 17.0.31903.59
MinimumVisualStudioVersion = 10.0.40219.1
Project("{2150E333-8FDC-42A3-9474-1A3956D46DE8}") = "src", "src", "{827E0CD3-B72D-47B6-A68D-7590B98EB39B}"
EndProject
Project("{FAE04EC0-301F-11D3-BF4B-00C04F79EFBC}") = "Iso8583Toolkit.Api", "src\Iso8583Toolkit.Api\Iso8583Toolkit.Api.csproj", "{E3C3C269-096D-417A-A07A-CDB555EF0765}"
EndProject
Project("{FAE04EC0-301F-11D3-BF4B-00C04F79EFBC}") = "Iso8583Toolkit.IsoCore", "src\Iso8583Toolkit.IsoCore\Iso8583Toolkit.IsoCore.csproj", "{F2E68F29-C74F-4E84-A531-E2961CE3A186}"
EndProject
Project("{FAE04EC0-301F-11D3-BF4B-00C04F79EFBC}") = "Iso8583Toolkit.Cards", "src\Iso8583Toolkit.Cards\Iso8583Toolkit.Cards.csproj", "{547BCBB2-7BA1-4788-A191-5FAAA1EE1838}"
EndProject
Project("{FAE04EC0-301F-11D3-BF4B-00C04F79EFBC}") = "Iso8583Toolkit.Cryptography", "src\Iso8583Toolkit.Cryptography\Iso8583Toolkit.Cryptography.csproj", "{549509E3-3121-4510-B18E-2E5E5D8B92AC}"
EndProject
Project("{FAE04EC0-301F-11D3-BF4B-00C04F79EFBC}") = "Iso8583Toolkit.Simulator", "src\Iso8583Toolkit.Simulator\Iso8583Toolkit.Simulator.csproj", "{63AA6B61-4FA8-4463-A7C2-ABD31E8EA37F}"
EndProject
Project("{2150E333-8FDC-42A3-9474-1A3956D46DE8}") = "agent", "agent", "{A0596E84-2522-6F31-0F43-77167BFA80D0}"
EndProject
Project("{FAE04EC0-301F-11D3-BF4B-00C04F79EFBC}") = "Iso8583Toolkit.Agent", "agent\Iso8583Toolkit.Agent\Iso8583Toolkit.Agent.csproj", "{573E3474-6C93-47AD-848C-493701C82F0B}"
EndProject
Project("{2150E333-8FDC-42A3-9474-1A3956D46DE8}") = "tests", "tests", "{0AB3BF05-4346-4AA6-1389-037BE0695223}"
EndProject
Project("{FAE04EC0-301F-11D3-BF4B-00C04F79EFBC}") = "Iso8583Toolkit.IsoCore.Tests", "tests\Iso8583Toolkit.IsoCore.Tests\Iso8583Toolkit.IsoCore.Tests.csproj", "{A5285E2F-498C-42D6-BD8F-9722365562A9}"
EndProject
Project("{FAE04EC0-301F-11D3-BF4B-00C04F79EFBC}") = "Iso8583Toolkit.Cards.Tests", "tests\Iso8583Toolkit.Cards.Tests\Iso8583Toolkit.Cards.Tests.csproj", "{0D8454D5-5BE0-484E-BF57-9B8FE3EDF1CB}"
EndProject
Project("{FAE04EC0-301F-11D3-BF4B-00C04F79EFBC}") = "Iso8583Toolkit.Integration.Tests", "tests\Iso8583Toolkit.Integration.Tests\Iso8583Toolkit.Integration.Tests.csproj", "{A1089205-E38C-4765-8179-8098F6BDBDB6}"
EndProject
Project("{FAE04EC0-301F-11D3-BF4B-00C04F79EFBC}") = "Iso8583Toolkit.Agent.Tests", "tests\Iso8583Toolkit.Agent.Tests\Iso8583Toolkit.Agent.Tests.csproj", "{394A788A-8F18-4D25-B096-163A08BEE6B2}"
EndProject
Global
	GlobalSection(SolutionConfigurationPlatforms) = preSolution
		Debug|Any CPU = Debug|Any CPU
		Debug|x64 = Debug|x64
		Debug|x86 = Debug|x86
		Release|Any CPU = Release|Any CPU
		Release|x64 = Release|x64
		Release|x86 = Release|x86
	EndGlobalSection
	GlobalSection(ProjectConfigurationPlatforms) = postSolution
		{E3C3C269-096D-417A-A07A-CDB555EF0765}.Debug|Any CPU.ActiveCfg = Debug|Any CPU
		{E3C3C269-096D-417A-A07A-CDB555EF0765}.Debug|Any CPU.Build.0 = Debug|Any CPU
		{E3C3C269-096D-417A-A07A-CDB555EF0765}.Debug|x64.ActiveCfg = Debug|Any CPU
		{E3C3C269-096D-417A-A07A-CDB555EF0765}.Debug|x64.Build.0 = Debug|Any CPU
		{E3C3C269-096D-417A-A07A-CDB555EF0765}.Debug|x86.ActiveCfg = Debug|Any CPU
		{E3C3C269-096D-417A-A07A-CDB555EF0765}.Debug|x86.Build.0 = Debug|Any CPU
		{E3C3C269-096D-417A-A07A-CDB555EF0765}.Release|Any CPU.ActiveCfg = Release|Any CPU
		{E3C3C269-096D-417A-A07A-CDB555EF0765}.Release|Any CPU.Build.0 = Release|Any CPU
		{E3C3C269-096D-417A-A07A-CDB555EF0765}.Release|x64.ActiveCfg = Release|Any CPU
		{E3C3C269-096D-417A-A07A-CDB555EF0765}.Release|x64.Build.0 = Release|Any CPU
		{E3C3C269-096D-417A-A07A-CDB555EF0765}.Release|x86.ActiveCfg = Release|Any CPU
		{E3C3C269-096D-417A-A07A-CDB555EF0765}.Release|x86.Build.0 = Release|Any CPU
		{F2E68F29-C74F-4E84-A531-E2961CE3A186}.Debug|Any CPU.ActiveCfg = Debug|Any CPU
		{F2E68F29-C74F-4E84-A531-E2961CE3A186}.Debug|Any CPU.Build.0 = Debug|Any CPU
		{F2E68F29-C74F-4E84-A531-E2961CE3A186}.Debug|x64.ActiveCfg = Debug|Any CPU
		{F2E68F29-C74F-4E84-A531-E2961CE3A186}.Debug|x64.Build.0 = Debug|Any CPU
		{F2E68F29-C74F-4E84-A531-E2961CE3A186}.Debug|x86.ActiveCfg = Debug|Any CPU
		{F2E68F29-C74F-4E84-A531-E2961CE3A186}.Debug|x86.Build.0 = Debug|Any CPU
		{F2E68F29-C74F-4E84-A531-E2961CE3A186}.Release|Any CPU.ActiveCfg = Release|Any CPU
		{F2E68F29-C74F-4E84-A531-E2961CE3A186}.Release|Any CPU.Build.0 = Release|Any CPU
		{F2E68F29-C74F-4E84-A531-E2961CE3A186}.Release|x64.ActiveCfg = Release|Any CPU
		{F2E68F29-C74F-4E84-A531-E2961CE3A186}.Release|x64.Build.0 = Release|Any CPU
		{F2E68F29-C74F-4E84-A531-E2961CE3A186}.Release|x86.ActiveCfg = Release|Any CPU
		{F2E68F29-C74F-4E84-A531-E2961CE3A186}.Release|x86.Build.0 = Release|Any CPU
		{547BCBB2-7BA1-4788-A191-5FAAA1EE1838}.Debug|Any CPU.ActiveCfg = Debug|Any CPU
		{547BCBB2-7BA1-4788-A191-5FAAA1EE1838}.Debug|Any CPU.Build.0 = Debug|Any CPU
		{547BCBB2-7BA1-4788-A191-5FAAA1EE1838}.Debug|x64.ActiveCfg = Debug|Any CPU
		{547BCBB2-7BA1-4788-A191-5FAAA1EE1838}.Debug|x64.Build.0 = Debug|Any CPU
		{547BCBB2-7BA1-4788-A191-5FAAA1EE1838}.Debug|x86.ActiveCfg = Debug|Any CPU
		{547BCBB2-7BA1-4788-A191-5FAAA1EE1838}.Debug|x86.Build.0 = Debug|Any CPU
		{547BCBB2-7BA1-4788-A191-5FAAA1EE1838}.Release|Any CPU.ActiveCfg = Release|Any CPU
		{547BCBB2-7BA1-4788-A191-5FAAA1EE1838}.Release|Any CPU.Build.0 = Release|Any CPU
		{547BCBB2-7BA1-4788-A191-5FAAA1EE1838}.Release|x64.ActiveCfg = Release|Any CPU
		{547BCBB2-7BA1-4788-A191-5FAAA1EE1838}.Release|x64.Build.0 = Release|Any CPU
		{547BCBB2-7BA1-4788-A191-5FAAA1EE1838}.Release|x86.ActiveCfg = Release|Any CPU
		{547BCBB2-7BA1-4788-A191-5FAAA1EE1838}.Release|x86.Build.0 = Release|Any CPU
		{549509E3-3121-4510-B18E-2E5E5D8B92AC}.Debug|Any CPU.ActiveCfg = Debug|Any CPU
		{549509E3-3121-4510-B18E-2E5E5D8B92AC}.Debug|Any CPU.Build.0 = Debug|Any CPU
		{549509E3-3121-4510-B18E-2E5E5D8B92AC}.Debug|x64.ActiveCfg = Debug|Any CPU
		{549509E3-3121-4510-B18E-2E5E5D8B92AC}.Debug|x64.Build.0 = Debug|Any CPU
		{549509E3-3121-4510-B18E-2E5E5D8B92AC}.Debug|x86.ActiveCfg = Debug|Any CPU
		{549509E3-3121-4510-B18E-2E5E5D8B92AC}.Debug|x86.Build.0 = Debug|Any CPU
		{549509E3-3121-4510-B18E-2E5E5D8B92AC}.Release|Any CPU.ActiveCfg = Release|Any CPU
		{549509E3-3121-4510-B18E-2E5E5D8B92AC}.Release|Any CPU.Build.0 = Release|Any CPU
		{549509E3-3121-4510-B18E-2E5E5D8B92AC}.Release|x64.ActiveCfg = Release|Any CPU
		{549509E3-3121-4510-B18E-2E5E5D8B92AC}.Release|x64.Build.0 = Release|Any CPU
		{549509E3-3121-4510-B18E-2E5E5D8B92AC}.Release|x86.ActiveCfg = Release|Any CPU
		{549509E3-3121-4510-B18E-2E5E5D8B92AC}.Release|x86.Build.0 = Release|Any CPU
		{63AA6B61-4FA8-4463-A7C2-ABD31E8EA37F}.Debug|Any CPU.ActiveCfg = Debug|Any CPU
		{63AA6B61-4FA8-4463-A7C2-ABD31E8EA37F}.Debug|Any CPU.Build.0 = Debug|Any CPU
		{63AA6B61-4FA8-4463-A7C2-ABD31E8EA37F}.Debug|x64.ActiveCfg = Debug|Any CPU
		{63AA6B61-4FA8-4463-A7C2-ABD31E8EA37F}.Debug|x64.Build.0 = Debug|Any CPU
		{63AA6B61-4FA8-4463-A7C2-ABD31E8EA37F}.Debug|x86.ActiveCfg = Debug|Any CPU
		{63AA6B61-4FA8-4463-A7C2-ABD31E8EA37F}.Debug|x86.Build.0 = Debug|Any CPU
		{63AA6B61-4FA8-4463-A7C2-ABD31E8EA37F}.Release|Any CPU.ActiveCfg = Release|Any CPU
		{63AA6B61-4FA8-4463-A7C2-ABD31E8EA37F}.Release|Any CPU.Build.0 = Release|Any CPU
		{63AA6B61-4FA8-4463-A7C2-ABD31E8EA37F}.Release|x64.ActiveCfg = Release|Any CPU
		{63AA6B61-4FA8-4463-A7C2-ABD31E8EA37F}.Release|x64.Build.0 = Release|Any CPU
		{63AA6B61-4FA8-4463-A7C2-ABD31E8EA37F}.Release|x86.ActiveCfg = Release|Any CPU
		{63AA6B61-4FA8-4463-A7C2-ABD31E8EA37F}.Release|x86.Build.0 = Release|Any CPU
		{573E3474-6C93-47AD-848C-493701C82F0B}.Debug|Any CPU.ActiveCfg = Debug|Any CPU
		{573E3474-6C93-47AD-848C-493701C82F0B}.Debug|Any CPU.Build.0 = Debug|Any CPU
		{573E3474-6C93-47AD-848C-493701C82F0B}.Debug|x64.ActiveCfg = Debug|Any CPU
		{573E3474-6C93-47AD-848C-493701C82F0B}.Debug|x64.Build.0 = Debug|Any CPU
		{573E3474-6C93-47AD-848C-493701C82F0B}.Debug|x86.ActiveCfg = Debug|Any CPU
		{573E3474-6C93-47AD-848C-493701C82F0B}.Debug|x86.Build.0 = Debug|Any CPU
		{573E3474-6C93-47AD-848C-493701C82F0B}.Release|Any CPU.ActiveCfg = Release|Any CPU
		{573E3474-6C93-47AD-848C-493701C82F0B}.Release|Any CPU.Build.0 = Release|Any CPU
		{573E3474-6C93-47AD-848C-493701C82F0B}.Release|x64.ActiveCfg = Release|Any CPU
		{573E3474-6C93-47AD-848C-493701C82F0B}.Release|x64.Build.0 = Release|Any CPU
		{573E3474-6C93-47AD-848C-493701C82F0B}.Release|x86.ActiveCfg = Release|Any CPU
		{573E3474-6C93-47AD-848C-493701C82F0B}.Release|x86.Build.0 = Release|Any CPU
		{A5285E2F-498C-42D6-BD8F-9722365562A9}.Debug|Any CPU.ActiveCfg = Debug|Any CPU
		{A5285E2F-498C-42D6-BD8F-9722365562A9}.Debug|Any CPU.Build.0 = Debug|Any CPU
		{A5285E2F-498C-42D6-BD8F-9722365562A9}.Debug|x64.ActiveCfg = Debug|Any CPU
		{A5285E2F-498C-42D6-BD8F-9722365562A9}.Debug|x64.Build.0 = Debug|Any CPU
		{A5285E2F-498C-42D6-BD8F-9722365562A9}.Debug|x86.ActiveCfg = Debug|Any CPU
		{A5285E2F-498C-42D6-BD8F-9722365562A9}.Debug|x86.Build.0 = Debug|Any CPU
		{A5285E2F-498C-42D6-BD8F-9722365562A9}.Release|Any CPU.ActiveCfg = Release|Any CPU
		{A5285E2F-498C-42D6-BD8F-9722365562A9}.Release|Any CPU.Build.0 = Release|Any CPU
		{A5285E2F-498C-42D6-BD8F-9722365562A9}.Release|x64.ActiveCfg = Release|Any CPU
		{A5285E2F-498C-42D6-BD8F-9722365562A9}.Release|x64.Build.0 = Release|Any CPU
		{A5285E2F-498C-42D6-BD8F-9722365562A9}.Release|x86.ActiveCfg = Release|Any CPU
		{A5285E2F-498C-42D6-BD8F-9722365562A9}.Release|x86.Build.0 = Release|Any CPU
		{0D8454D5-5BE0-484E-BF57-9B8FE3EDF1CB}.Debug|Any CPU.ActiveCfg = Debug|Any CPU
		{0D8454D5-5BE0-484E-BF57-9B8FE3EDF1CB}.Debug|Any CPU.Build.0 = Debug|Any CPU
		{0D8454D5-5BE0-484E-BF57-9B8FE3EDF1CB}.Debug|x64.ActiveCfg = Debug|Any CPU
		{0D8454D5-5BE0-484E-BF57-9B8FE3EDF1CB}.Debug|x64.Build.0 = Debug|Any CPU
		{0D8454D5-5BE0-484E-BF57-9B8FE3EDF1CB}.Debug|x86.ActiveCfg = Debug|Any CPU
		{0D8454D5-5BE0-484E-BF57-9B8FE3EDF1CB}.Debug|x86.Build.0 = Debug|Any CPU
		{0D8454D5-5BE0-484E-BF57-9B8FE3EDF1CB}.Release|Any CPU.ActiveCfg = Release|Any CPU
		{0D8454D5-5BE0-484E-BF57-9B8FE3EDF1CB}.Release|Any CPU.Build.0 = Release|Any CPU
		{0D8454D5-5BE0-484E-BF57-9B8FE3EDF1CB}.Release|x64.ActiveCfg = Release|Any CPU
		{0D8454D5-5BE0-484E-BF57-9B8FE3EDF1CB}.Release|x64.Build.0 = Release|Any CPU
		{0D8454D5-5BE0-484E-BF57-9B8FE3EDF1CB}.Release|x86.ActiveCfg = Release|Any CPU
		{0D8454D5-5BE0-484E-BF57-9B8FE3EDF1CB}.Release|x86.Build.0 = Release|Any CPU
		{A1089205-E38C-4765-8179-8098F6BDBDB6}.Debug|Any CPU.ActiveCfg = Debug|Any CPU
		{A1089205-E38C-4765-8179-8098F6BDBDB6}.Debug|Any CPU.Build.0 = Debug|Any CPU
		{A1089205-E38C-4765-8179-8098F6BDBDB6}.Debug|x64.ActiveCfg = Debug|Any CPU
		{A1089205-E38C-4765-8179-8098F6BDBDB6}.Debug|x64.Build.0 = Debug|Any CPU
		{A1089205-E38C-4765-8179-8098F6BDBDB6}.Debug|x86.ActiveCfg = Debug|Any CPU
		{A1089205-E38C-4765-8179-8098F6BDBDB6}.Debug|x86.Build.0 = Debug|Any CPU
		{A1089205-E38C-4765-8179-8098F6BDBDB6}.Release|Any CPU.ActiveCfg = Release|Any CPU
		{A1089205-E38C-4765-8179-8098F6BDBDB6}.Release|Any CPU.Build.0 = Release|Any CPU
		{A1089205-E38C-4765-8179-8098F6BDBDB6}.Release|x64.ActiveCfg = Release|Any CPU
		{A1089205-E38C-4765-8179-8098F6BDBDB6}.Release|x64.Build.0 = Release|Any CPU
		{A1089205-E38C-4765-8179-8098F6BDBDB6}.Release|x86.ActiveCfg = Release|Any CPU
		{A1089205-E38C-4765-8179-8098F6BDBDB6}.Release|x86.Build.0 = Release|Any CPU
		{394A788A-8F18-4D25-B096-163A08BEE6B2}.Debug|Any CPU.ActiveCfg = Debug|Any CPU
		{394A788A-8F18-4D25-B096-163A08BEE6B2}.Debug|Any CPU.Build.0 = Debug|Any CPU
		{394A788A-8F18-4D25-B096-163A08BEE6B2}.Debug|x64.ActiveCfg = Debug|Any CPU
		{394A788A-8F18-4D25-B096-163A08BEE6B2}.Debug|x64.Build.0 = Debug|Any CPU
		{394A788A-8F18-4D25-B096-163A08BEE6B2}.Debug|x86.ActiveCfg = Debug|Any CPU
		{394A788A-8F18-4D25-B096-163A08BEE6B2}.Debug|x86.Build.0 = Debug|Any CPU
		{394A788A-8F18-4D25-B096-163A08BEE6B2}.Release|Any CPU.ActiveCfg = Release|Any CPU
		{394A788A-8F18-4D25-B096-163A08BEE6B2}.Release|Any CPU.Build.0 = Release|Any CPU
		{394A788A-8F18-4D25-B096-163A08BEE6B2}.Release|x64.ActiveCfg = Release|Any CPU
		{394A788A-8F18-4D25-B096-163A08BEE6B2}.Release|x64.Build.0 = Release|Any CPU
		{394A788A-8F18-4D25-B096-163A08BEE6B2}.Release|x86.ActiveCfg = Release|Any CPU
		{394A788A-8F18-4D25-B096-163A08BEE6B2}.Release|x86.Build.0 = Release|Any CPU
	EndGlobalSection
	GlobalSection(SolutionProperties) = preSolution
		HideSolutionNode = FALSE
	EndGlobalSection
	GlobalSection(NestedProjects) = preSolution
		{E3C3C269-096D-417A-A07A-CDB555EF0765} = {827E0CD3-B72D-47B6-A68D-7590B98EB39B}
		{F2E68F29-C74F-4E84-A531-E2961CE3A186} = {827E0CD3-B72D-47B6-A68D-7590B98EB39B}
		{547BCBB2-7BA1-4788-A191-5FAAA1EE1838} = {827E0CD3-B72D-47B6-A68D-7590B98EB39B}
		{549509E3-3121-4510-B18E-2E5E5D8B92AC} = {827E0CD3-B72D-47B6-A68D-7590B98EB39B}
		{63AA6B61-4FA8-4463-A7C2-ABD31E8EA37F} = {827E0CD3-B72D-47B6-A68D-7590B98EB39B}
		{573E3474-6C93-47AD-848C-493701C82F0B} = {A0596E84-2522-6F31-0F43-77167BFA80D0}
		{A5285E2F-498C-42D6-BD8F-9722365562A9} = {0AB3BF05-4346-4AA6-1389-037BE0695223}
		{0D8454D5-5BE0-484E-BF57-9B8FE3EDF1CB} = {0AB3BF05-4346-4AA6-1389-037BE0695223}
		{A1089205-E38C-4765-8179-8098F6BDBDB6} = {0AB3BF05-4346-4AA6-1389-037BE0695223}
		{394A788A-8F18-4D25-B096-163A08BEE6B2} = {0AB3BF05-4346-4AA6-1389-037BE0695223}
	EndGlobalSection
EndGlobal
